
Microsoft Visual Studio Solution File, Format Version 12.00
# Visual Studio Version 16
VisualStudioVersion = 16.0.31410.357
MinimumVisualStudioVersion = 10.0.40219.1
Project("{FAE04EC0-301F-11D3-BF4B-00C04F79EFBC}") = "CSharp", "CSharp\CSharp.csproj", "{A60471C6-2CFB-465D-87A2-C23D73740563}"
EndProject
Global
	GlobalSection(SolutionConfigurationPlatforms) = preSolution
		Debug|Any CPU = Debug|Any CPU
		Release|Any CPU = Release|Any CPU
	EndGlobalSection
	GlobalSection(ProjectConfigurationPlatforms) = postSolution
		{A60471C6-2CFB-465D-87A2-C23D73740563}.Debug|Any CPU.ActiveCfg = Debug|Any CPU
		{A60471C6-2CFB-465D-87A2-C23D73740563}.Debug|Any CPU.Build.0 = Debug|Any CPU
		{A60471C6-2CFB-465D-87A2-C23D73740563}.Release|Any CPU.ActiveCfg = Release|Any CPU
		{A60471C6-2CFB-465D-87A2-C23D73740563}.Release|Any CPU.Build.0 = Release|Any CPU
	EndGlobalSection
	GlobalSection(SolutionProperties) = preSolution
		HideSolutionNode = FALSE
	EndGlobalSection
	GlobalSection(ExtensibilityGlobals) = postSolution
		SolutionGuid = {126C39DB-A698-4F6B-89D5-0853CA63B85E}
	EndGlobalSection
EndGlobal
